
Microsoft Visual Studio Solution File, Format Version 12.00
# Visual Studio Version 16
VisualStudioVersion = 16.0.30517.126
MinimumVisualStudioVersion = 10.0.40219.1
Project("{9A19103F-16F7-4668-BE54-9A1E7A4F7556}") = "MD5hash", "MD5hash\MD5hash.csproj", "{80A60D15-EEC4-44FD-A996-D62E070BBE4D}"
EndProject
Project("{9A19103F-16F7-4668-BE54-9A1E7A4F7556}") = "HashUnitTest", "HashUnitTest\HashUnitTest.csproj", "{8049BE66-C37B-4438-85EB-055A273B9D48}"
EndProject
Global
	GlobalSection(SolutionConfigurationPlatforms) = preSolution
		Debug|Any CPU = Debug|Any CPU
		Debug|ARM = Debug|ARM
		Debug|ARM64 = Debug|ARM64
		Debug|x64 = Debug|x64
		Debug|x86 = Debug|x86
		Release|Any CPU = Release|Any CPU
		Release|ARM = Release|ARM
		Release|ARM64 = Release|ARM64
		Release|x64 = Release|x64
		Release|x86 = Release|x86
	EndGlobalSection
	GlobalSection(ProjectConfigurationPlatforms) = postSolution
		{80A60D15-EEC4-44FD-A996-D62E070BBE4D}.Debug|Any CPU.ActiveCfg = Debug|Any CPU
		{80A60D15-EEC4-44FD-A996-D62E070BBE4D}.Debug|Any CPU.Build.0 = Debug|Any CPU
		{80A60D15-EEC4-44FD-A996-D62E070BBE4D}.Debug|ARM.ActiveCfg = Debug|Any CPU
		{80A60D15-EEC4-44FD-A996-D62E070BBE4D}.Debug|ARM.Build.0 = Debug|Any CPU
		{80A60D15-EEC4-44FD-A996-D62E070BBE4D}.Debug|ARM64.ActiveCfg = Debug|Any CPU
		{80A60D15-EEC4-44FD-A996-D62E070BBE4D}.Debug|ARM64.Build.0 = Debug|Any CPU
		{80A60D15-EEC4-44FD-A996-D62E070BBE4D}.Debug|x64.ActiveCfg = Debug|Any CPU
		{80A60D15-EEC4-44FD-A996-D62E070BBE4D}.Debug|x64.Build.0 = Debug|Any CPU
		{80A60D15-EEC4-44FD-A996-D62E070BBE4D}.Debug|x86.ActiveCfg = Debug|Any CPU
		{80A60D15-EEC4-44FD-A996-D62E070BBE4D}.Debug|x86.Build.0 = Debug|Any CPU
		{80A60D15-EEC4-44FD-A996-D62E070BBE4D}.Release|Any CPU.ActiveCfg = Release|Any CPU
		{80A60D15-EEC4-44FD-A996-D62E070BBE4D}.Release|Any CPU.Build.0 = Release|Any CPU
		{80A60D15-EEC4-44FD-A996-D62E070BBE4D}.Release|ARM.ActiveCfg = Release|Any CPU
		{80A60D15-EEC4-44FD-A996-D62E070BBE4D}.Release|ARM.Build.0 = Release|Any CPU
		{80A60D15-EEC4-44FD-A996-D62E070BBE4D}.Release|ARM64.ActiveCfg = Release|Any CPU
		{80A60D15-EEC4-44FD-A996-D62E070BBE4D}.Release|ARM64.Build.0 = Release|Any CPU
		{80A60D15-EEC4-44FD-A996-D62E070BBE4D}.Release|x64.ActiveCfg = Release|Any CPU
		{80A60D15-EEC4-44FD-A996-D62E070BBE4D}.Release|x64.Build.0 = Release|Any CPU
		{80A60D15-EEC4-44FD-A996-D62E070BBE4D}.Release|x86.ActiveCfg = Release|Any CPU
		{80A60D15-EEC4-44FD-A996-D62E070BBE4D}.Release|x86.Build.0 = Release|Any CPU
		{8049BE66-C37B-4438-85EB-055A273B9D48}.Debug|Any CPU.ActiveCfg = Debug|Any CPU
		{8049BE66-C37B-4438-85EB-055A273B9D48}.Debug|Any CPU.Build.0 = Debug|Any CPU
		{8049BE66-C37B-4438-85EB-055A273B9D48}.Debug|ARM.ActiveCfg = Debug|Any CPU
		{8049BE66-C37B-4438-85EB-055A273B9D48}.Debug|ARM.Build.0 = Debug|Any CPU
		{8049BE66-C37B-4438-85EB-055A273B9D48}.Debug|ARM64.ActiveCfg = Debug|Any CPU
		{8049BE66-C37B-4438-85EB-055A273B9D48}.Debug|ARM64.Build.0 = Debug|Any CPU
		{8049BE66-C37B-4438-85EB-055A273B9D48}.Debug|x64.ActiveCfg = Debug|Any CPU
		{8049BE66-C37B-4438-85EB-055A273B9D48}.Debug|x64.Build.0 = Debug|Any CPU
		{8049BE66-C37B-4438-85EB-055A273B9D48}.Debug|x86.ActiveCfg = Debug|Any CPU
		{8049BE66-C37B-4438-85EB-055A273B9D48}.Debug|x86.Build.0 = Debug|Any CPU
		{8049BE66-C37B-4438-85EB-055A273B9D48}.Release|Any CPU.ActiveCfg = Release|Any CPU
		{8049BE66-C37B-4438-85EB-055A273B9D48}.Release|Any CPU.Build.0 = Release|Any CPU
		{8049BE66-C37B-4438-85EB-055A273B9D48}.Release|ARM.ActiveCfg = Release|Any CPU
		{8049BE66-C37B-4438-85EB-055A273B9D48}.Release|ARM.Build.0 = Release|Any CPU
		{8049BE66-C37B-4438-85EB-055A273B9D48}.Release|ARM64.ActiveCfg = Release|Any CPU
		{8049BE66-C37B-4438-85EB-055A273B9D48}.Release|ARM64.Build.0 = Release|Any CPU
		{8049BE66-C37B-4438-85EB-055A273B9D48}.Release|x64.ActiveCfg = Release|Any CPU
		{8049BE66-C37B-4438-85EB-055A273B9D48}.Release|x64.Build.0 = Release|Any CPU
		{8049BE66-C37B-4438-85EB-055A273B9D48}.Release|x86.ActiveCfg = Release|Any CPU
		{8049BE66-C37B-4438-85EB-055A273B9D48}.Release|x86.Build.0 = Release|Any CPU
	EndGlobalSection
	GlobalSection(SolutionProperties) = preSolution
		HideSolutionNode = FALSE
	EndGlobalSection
	GlobalSection(ExtensibilityGlobals) = postSolution
		SolutionGuid = {F17BE51C-D84A-4D23-AAEC-5C19E259378B}
	EndGlobalSection
EndGlobal
